{
  "version": "5",
  "specifiers": {
    "npm:@napi-rs/keyring@1.3.0": "1.3.0",
    "npm:pdfjs-dist@6.1.200": "6.1.200",
    "npm:sqlite-vec@~0.1.9": "0.1.9"
  },
  "npm": {
    "@napi-rs/canvas-android-arm64@1.0.5": {
      "integrity": "sha512-ZzDlpKQocwFfCwhMh17UWre6Qt5yZN3kNIJoUpGfRZqwDDZ164IKOsPOHsRd3d8Tuj5KM6bDjGuPmZxuPuG3NQ==",
      "os": ["android"],
      "cpu": ["arm64"]
    },
    "@napi-rs/canvas-darwin-arm64@1.0.5": {
      "integrity": "sha512-Hr8v6CA/TBe+OJOePdV3sXWxzQHQKfQsTKPbc8wG7iPqVeAx6MMdzKGXlYID6SVvpfwV/zqkvGcdImYWSlhrZg==",
      "os": ["darwin"],
      "cpu": ["arm64"]
    },
    "@napi-rs/canvas-darwin-x64@1.0.5": {
      "integrity": "sha512-9BXlLHBXpYnK4jSae1MdFdyPq09Xi1I3PeCNpvRzqgmUUBhgJS7aC1z7SZEP8JUXDHtbfIrolCS3sFuT9IGP2A==",
      "os": ["darwin"],
      "cpu": ["x64"]
    },
    "@napi-rs/canvas-linux-arm-gnueabihf@1.0.5": {
      "integrity": "sha512-zEW4fgvtYsOJ/N56Us4TQPfaFrUf0shGr9CgGSj3GACc+NHfUM3ci0YF9xFTjwJWGDmaEhYPL6KqCfFCxwm/qg==",
      "os": ["linux"],
      "cpu": ["arm"]
    },
    "@napi-rs/canvas-linux-arm64-gnu@1.0.5": {
      "integrity": "sha512-HFprwLspelJxCEtZvdMcz95Mwvfs63GzFVedLFmC/wslHnaOXhjXxgYxPCM/VdM4Jhx3CV4Lk0vVmh6hJv2etQ==",
      "os": ["linux"],
      "cpu": ["arm64"]
    },
    "@napi-rs/canvas-linux-arm64-musl@1.0.5": {
      "integrity": "sha512-FNMGFAx8DvtDwlLfWyBJ+oQjgPXoIAqCnNTJYqtJCFRwwzK3AyAe5B1Ll3NZ6hcOzqw7HylZsq4nQxVyPCQX1Q==",
      "os": ["linux"],
      "cpu": ["arm64"]
    },
    "@napi-rs/canvas-linux-riscv64-gnu@1.0.5": {
      "integrity": "sha512-2vd5v8Lui+37Hh/spITKIvTT384ip4dnUc5XBn0E+sMNS4b7au7IswyT5YDG2udPTjSh/eLUs3sGuB5YHooFOA==",
      "os": ["linux"],
      "cpu": ["riscv64"]
    },
    "@napi-rs/canvas-linux-x64-gnu@1.0.5": {
      "integrity": "sha512-iQIPy+Uey0expZTOszLri5n8rY7x4WUpMaY82mcXNIgbil30iHvc01OsiizhZC1KQHTK90RFMFWSpwFU+ON3aA==",
      "os": ["linux"],
      "cpu": ["x64"]
    },
    "@napi-rs/canvas-linux-x64-musl@1.0.5": {
      "integrity": "sha512-Npthji25t7FUqIAKsoEkFS0qY5CYVkHjvI3tuZjDTG92wX8g4dst+Lfb4hhubdqPazlDcIwalPzInsFCtf3FFg==",
      "os": ["linux"],
      "cpu": ["x64"]
    },
    "@napi-rs/canvas-win32-arm64-msvc@1.0.5": {
      "integrity": "sha512-bi+JsdCdbfVJDoAQybTYmkLKwh1xpYpptg5j/BNr2BB56u4/R26jrVvtjqff+CxYMXV6Kz1/jeDVhZCuj6bDng==",
      "os": ["win32"],
      "cpu": ["arm64"]
    },
    "@napi-rs/canvas-win32-x64-msvc@1.0.5": {
      "integrity": "sha512-KQQwG9/sBmcGxqaLFIQf+k2OefREGoyEaIBmRuTM8bUuFKOEE9Xk5pel90hE6pmBwk/vo4RB0OdX+FxobJGMFw==",
      "os": ["win32"],
      "cpu": ["x64"]
    },
    "@napi-rs/canvas@1.0.5": {
      "integrity": "sha512-GaPlicMtnvgPr5SowFRprkEJicDSrV3qCq17U4jiF5u0kNORZo3IbdN2Bk4SfcZJAMYFHbMVJ81O3w21CYxazg==",
      "optionalDependencies": [
        "@napi-rs/canvas-android-arm64",
        "@napi-rs/canvas-darwin-arm64",
        "@napi-rs/canvas-darwin-x64",
        "@napi-rs/canvas-linux-arm-gnueabihf",
        "@napi-rs/canvas-linux-arm64-gnu",
        "@napi-rs/canvas-linux-arm64-musl",
        "@napi-rs/canvas-linux-riscv64-gnu",
        "@napi-rs/canvas-linux-x64-gnu",
        "@napi-rs/canvas-linux-x64-musl",
        "@napi-rs/canvas-win32-arm64-msvc",
        "@napi-rs/canvas-win32-x64-msvc"
      ]
    },
    "@napi-rs/keyring-darwin-arm64@1.3.0": {
      "integrity": "sha512-pl76hJvdYUBn6I24bXiOBMA9nbDapo3I5B+f3OorjDU4dUMSypXeKbOVehJe8fhgTiH24flMyTS3aAIy43xegQ==",
      "os": ["darwin"],
      "cpu": ["arm64"]
    },
    "@napi-rs/keyring-darwin-x64@1.3.0": {
      "integrity": "sha512-YcJtEV5LA3cvA4z3BurgxH5IhTsW1JfIvcAAcqcecwk06Si9F9NqkxbZVIfDwQ8oRHgaBmT3zZJnLAotCrVahw==",
      "os": ["darwin"],
      "cpu": ["x64"]
    },
    "@napi-rs/keyring-freebsd-x64@1.3.0": {
      "integrity": "sha512-vlLf31TGhfRAaxLDBhg8b89ss0HHD/lyNmL5F3UjSaz5CUXElsJmKYq9fqA/B+cZKUEUcLHHGhF0I/CqcFdaVw==",
      "os": ["freebsd"],
      "cpu": ["x64"]
    },
    "@napi-rs/keyring-linux-arm-gnueabihf@1.3.0": {
      "integrity": "sha512-KiWdMMu/Inz/bHHIAGrnF7r54FZDYXuHO6UFF/rhIrshUsxbMG1Rl9lEymNtqqsVo927G0VYcb02FzWQ3iBQRQ==",
      "os": ["linux"],
      "cpu": ["arm"]
    },
    "@napi-rs/keyring-linux-arm64-gnu@1.3.0": {
      "integrity": "sha512-eyKGpY40lm9Jvs1aD294XRH4y7+TlJM0YVAryZeXA6TX0mb4gMkxVXwSQv7MCwgah7raeUd0dKUb4BPAYIgcMg==",
      "os": ["linux"],
      "cpu": ["arm64"]
    },
    "@napi-rs/keyring-linux-arm64-musl@1.3.0": {
      "integrity": "sha512-iIK6JWHXAJqDrEyLY3TmswwloVyt2vj+04TZnew+uSJ9gnDO8EwRbp3/iw3LpWaXiDO7VomGO6y8I0Id8uBZSw==",
      "os": ["linux"],
      "cpu": ["arm64"]
    },
    "@napi-rs/keyring-linux-riscv64-gnu@1.3.0": {
      "integrity": "sha512-/PGqrwn6EwgtK6vccASSXJRfOSP4vN1F4ASsIQ+7MdrK6hNvAJ1FZPrIuD5gGGdxezo3F++To2Wq7DbuGIeuNQ==",
      "os": ["linux"],
      "cpu": ["riscv64"]
    },
    "@napi-rs/keyring-linux-x64-gnu@1.3.0": {
      "integrity": "sha512-2PDK1WKWTu9lBGq9VvNEkSlQD3O7YwVpmnyN2M3cy4v7NJ/8gDMd9GXv3G+FVXN13uhp4gnnPBS+ScefmEeD2A==",
      "os": ["linux"],
      "cpu": ["x64"]
    },
    "@napi-rs/keyring-linux-x64-musl@1.3.0": {
      "integrity": "sha512-oJ2HkX8YUo46QBkn0pG+HuIKQNqr523q6vBobCn+P95s4C4K6/kLBqHY/1bg5J4ap31DzsznhnFKcfBNBsjCnw==",
      "os": ["linux"],
      "cpu": ["x64"]
    },
    "@napi-rs/keyring-win32-arm64-msvc@1.3.0": {
      "integrity": "sha512-tOd3c/uAaeoE4ycVlmAdSvygz0Zt3zdca6Y7gokBeIbaRDWpjDIUOpU3MvML59XAaqyuKGsVVu0F/DZb1lHPmw==",
      "os": ["win32"],
      "cpu": ["arm64"]
    },
    "@napi-rs/keyring-win32-ia32-msvc@1.3.0": {
      "integrity": "sha512-sPSqeAFZMGqP1R++M2JTza7GQJJ/TpCo6JU6Vcd4jnebvOaEDs9b7eipakU1PJdSvhpC2yXMCNRk9gXfrhuwHQ==",
      "os": ["win32"],
      "cpu": ["ia32"]
    },
    "@napi-rs/keyring-win32-x64-msvc@1.3.0": {
      "integrity": "sha512-4DnCWXwDc0HRKwyRlG5y0VhKZW2tNRQfKKfyj6IX/KWfDNyq9hn4n+GL1auyDcOO/v8PwnhmYo2+rOOqCkvvOg==",
      "os": ["win32"],
      "cpu": ["x64"]
    },
    "@napi-rs/keyring@1.3.0": {
      "integrity": "sha512-WrOw/bcXm0f9qHkumlT1QlArXSTWqaY9sunsDpOk+yCCorCKMxvWT/a3xko4EYHVdeZoh00yI2TydXn6eyICDA==",
      "optionalDependencies": [
        "@napi-rs/keyring-darwin-arm64",
        "@napi-rs/keyring-darwin-x64",
        "@napi-rs/keyring-freebsd-x64",
        "@napi-rs/keyring-linux-arm-gnueabihf",
        "@napi-rs/keyring-linux-arm64-gnu",
        "@napi-rs/keyring-linux-arm64-musl",
        "@napi-rs/keyring-linux-riscv64-gnu",
        "@napi-rs/keyring-linux-x64-gnu",
        "@napi-rs/keyring-linux-x64-musl",
        "@napi-rs/keyring-win32-arm64-msvc",
        "@napi-rs/keyring-win32-ia32-msvc",
        "@napi-rs/keyring-win32-x64-msvc"
      ]
    },
    "pdfjs-dist@6.1.200": {
      "integrity": "sha512-o8MolyzirkkLrcdsae/HEOiIcXWI7DS5zGpvqW8xTC2YUsW30rltFw2bDGvw/fskUdEMrQm2br68jzDS5BH2vw==",
      "optionalDependencies": [
        "@napi-rs/canvas"
      ]
    },
    "sqlite-vec-darwin-arm64@0.1.9": {
      "integrity": "sha512-jSsZpE42OfBkGL/ItyJTVCUwl6o6Ka3U5rc4j+UBDIQzC1ulSSKMEhQLthsOnF/MdAf1MuAkYhkdKmmcjaIZQg==",
      "os": ["darwin"],
      "cpu": ["arm64"]
    },
    "sqlite-vec-darwin-x64@0.1.9": {
      "integrity": "sha512-KDlVyqQT7pnOhU1ymB9gs7dMbSoVmKHitT+k1/xkjarcX8bBqPxWrGlK/R+C5WmWkfvWwyq5FfXfiBYCBs6PlA==",
      "os": ["darwin"],
      "cpu": ["x64"]
    },
    "sqlite-vec-linux-arm64@0.1.9": {
      "integrity": "sha512-5wXVJ9c9kR4CHm/wVqXb/R+XUHTdpZ4nWbPHlS+gc9qQFVHs92Km4bPnCKX4rtcPMzvNis+SIzMJR1SCEwpuUw==",
      "os": ["linux"],
      "cpu": ["arm64"]
    },
    "sqlite-vec-linux-x64@0.1.9": {
      "integrity": "sha512-w3tCH8xK2finW8fQJ/m8uqKodXUZ9KAuAar2UIhz4BHILfpE0WM/MTGCRfa7RjYbrYim5Luk3guvMOGI7T7JQA==",
      "os": ["linux"],
      "cpu": ["x64"]
    },
    "sqlite-vec-windows-x64@0.1.9": {
      "integrity": "sha512-y3gEIyy/17bq2QFPQOWLE68TYWcRZkBQVA2XLrTPHNTOp55xJi/BBBmOm40tVMDMjtP+Elpk6UBUXdaq+46b0Q==",
      "os": ["win32"],
      "cpu": ["x64"]
    },
    "sqlite-vec@0.1.9": {
      "integrity": "sha512-L7XJWRIBNvR9O5+vh1FQ+IGkh/3D2AzVksW5gdtk28m78Hy8skFD0pqReKH1Yp0/BUKRGcffgKvyO/EON5JXpA==",
      "optionalDependencies": [
        "sqlite-vec-darwin-arm64",
        "sqlite-vec-darwin-x64",
        "sqlite-vec-linux-arm64",
        "sqlite-vec-linux-x64",
        "sqlite-vec-windows-x64"
      ]
    }
  },
  "redirects": {
    "https://esm.sh/@types/d3-dispatch@~3.0.7/index.d.ts": "https://esm.sh/@types/d3-dispatch@3.0.7/index.d.ts",
    "https://esm.sh/@types/d3-drag@~3.0.7/index.d.ts": "https://esm.sh/@types/d3-drag@3.0.7/index.d.ts",
    "https://esm.sh/@types/d3-force@~3.0.10/index.d.ts": "https://esm.sh/@types/d3-force@3.0.10/index.d.ts",
    "https://esm.sh/@types/d3-quadtree@~3.0.6/index.d.ts": "https://esm.sh/@types/d3-quadtree@3.0.6/index.d.ts",
    "https://esm.sh/@types/d3-selection@~3.0.11/index.d.ts": "https://esm.sh/@types/d3-selection@3.0.11/index.d.ts",
    "https://esm.sh/@types/d3-timer@~3.0.2/index.d.ts": "https://esm.sh/@types/d3-timer@3.0.2/index.d.ts",
    "https://esm.sh/d3-color@^3.1.0?target=denonext": "https://esm.sh/d3-color@3.1.0?target=denonext",
    "https://esm.sh/d3-dispatch@^3.0.1?target=denonext": "https://esm.sh/d3-dispatch@3.0.1?target=denonext",
    "https://esm.sh/d3-drag@3": "https://esm.sh/d3-drag@3.0.0",
    "https://esm.sh/d3-drag@^3.0.0?target=denonext": "https://esm.sh/d3-drag@3.0.0?target=denonext",
    "https://esm.sh/d3-ease@^3.0.1?target=denonext": "https://esm.sh/d3-ease@3.0.1?target=denonext",
    "https://esm.sh/d3-force@3": "https://esm.sh/d3-force@3.0.0",
    "https://esm.sh/d3-interpolate@^3.0.1?target=denonext": "https://esm.sh/d3-interpolate@3.0.1?target=denonext",
    "https://esm.sh/d3-quadtree@^3.0.1?target=denonext": "https://esm.sh/d3-quadtree@3.0.1?target=denonext",
    "https://esm.sh/d3-selection@3": "https://esm.sh/d3-selection@3.0.0",
    "https://esm.sh/d3-selection@3?target=denonext": "https://esm.sh/d3-selection@3.0.0?target=denonext",
    "https://esm.sh/d3-selection@^3.0.0?target=denonext": "https://esm.sh/d3-selection@3.0.0?target=denonext",
    "https://esm.sh/d3-timer@^3.0.1?target=denonext": "https://esm.sh/d3-timer@3.0.1?target=denonext",
    "https://esm.sh/d3-transition@^3.0.1?target=denonext": "https://esm.sh/d3-transition@3.0.1?target=denonext",
    "https://esm.sh/d3-zoom@3": "https://esm.sh/d3-zoom@3.0.0"
  },
  "remote": {
    "https://cdn.jsdelivr.net/npm/katex/dist/katex.mjs": "8e5ec76631a31181d57ed8af5611b2fa15f776e67b6ead5ed3c7639c95208238",
    "https://cdn.jsdelivr.net/npm/marked/lib/marked.esm.js": "fd52a4d9a8eb652477ec1ddea2c48677bf46fcfc82e3801e46ca54359c57164f",
    "https://esm.sh/d3-color@3.1.0/denonext/d3-color.mjs": "2e852a0327b74fbcf7cafd66913833423b736b8bf2e163801e74cee61624073a",
    "https://esm.sh/d3-color@3.1.0?target=denonext": "c44248d4b33f57d8791c0994e1eee000e5bbb4a9939d11e2baf5dfa669cab805",
    "https://esm.sh/d3-dispatch@3.0.1/denonext/d3-dispatch.mjs": "b36be2eed6f07b517775df12bde28cb0e778b9a7df04974ce9cb99f7b322a2d6",
    "https://esm.sh/d3-dispatch@3.0.1?target=denonext": "75f32f2a0e7cdddbe15573f1a802fb6bdc46247d038a4b1a2ebde2ad86848c56",
    "https://esm.sh/d3-drag@3.0.0": "29c825b72b51c1c60cf5221266d2b2c4a494d25448a62af8d66a4f228957e899",
    "https://esm.sh/d3-drag@3.0.0/denonext/d3-drag.mjs": "ae493775f072f5c3c4904b8626f32bfa2fdd3722fa6a40bfe0248c18eaeb355c",
    "https://esm.sh/d3-drag@3.0.0?target=denonext": "29c825b72b51c1c60cf5221266d2b2c4a494d25448a62af8d66a4f228957e899",
    "https://esm.sh/d3-ease@3.0.1/denonext/d3-ease.mjs": "29bcb3a86c7e191b10eff7ed34b96c556edbe34b985926ded908783ba3e3467b",
    "https://esm.sh/d3-ease@3.0.1?target=denonext": "883508b7092d05affd4b415dbb27c82b5a1585425909cb2b50e0639bc56dae41",
    "https://esm.sh/d3-force@3.0.0": "1a35f3dd1ff127dc27f2b009574d90304693b0a516eac9583df8d0333d61fd8e",
    "https://esm.sh/d3-force@3.0.0/denonext/d3-force.mjs": "daa176ee52b7f8f113d4b0c5e31b95bd99b0cd0cd66ca5c7445ab4bdf7c5cb71",
    "https://esm.sh/d3-interpolate@3.0.1/denonext/d3-interpolate.mjs": "cd349820c62094831117b9f01a9dd1ecd96323dd3eacbe5d88bc5750e66279aa",
    "https://esm.sh/d3-interpolate@3.0.1?target=denonext": "d919d1489c7be9cc2f235b39de7b446c77c912c4069d0cf1ca0a90379cce2968",
    "https://esm.sh/d3-quadtree@3.0.1/denonext/d3-quadtree.mjs": "63669e70a8b12b5b242985137283e55688903456bd96757970835edeb6830d81",
    "https://esm.sh/d3-quadtree@3.0.1?target=denonext": "d820b5c5854cf78dfd2793468094f5bb2c55c51b1d890f8503f02f980685fcd7",
    "https://esm.sh/d3-selection@3.0.0": "996ecb6a540d57da331d836611fe42cb10b9df82633a04f4ddc1528e566384a6",
    "https://esm.sh/d3-selection@3.0.0/denonext/d3-selection.mjs": "30a02b070b81648883d6ea5c893cdccec5add15a803351108e66a897e24aa126",
    "https://esm.sh/d3-selection@3.0.0?target=denonext": "996ecb6a540d57da331d836611fe42cb10b9df82633a04f4ddc1528e566384a6",
    "https://esm.sh/d3-timer@3.0.1/denonext/d3-timer.mjs": "eb0b5bf822496c4aad63d2ca4832ec29c8a015467f5a685184bec78d2e3e5003",
    "https://esm.sh/d3-timer@3.0.1?target=denonext": "5ee90bdf7721811a8f2020e3779e994dfe881d0c8db53e4ea0f535a032516bc1",
    "https://esm.sh/d3-transition@3.0.1/denonext/d3-transition.mjs": "40c1829279c1e22adef34c08359a15acb842d3d1e89bced62bfea63ef24506a6",
    "https://esm.sh/d3-transition@3.0.1/denonext/src/active.mjs": "bdea583710643dc4f4b33d1ee297430d8faf5bee9b407fa96c66a4cc55c7462e",
    "https://esm.sh/d3-transition@3.0.1/denonext/src/interrupt.mjs": "d4240ac7388fac8a77ca3e6529050cf9a4f74f059c44593dc011c2880fc9f7ad",
    "https://esm.sh/d3-transition@3.0.1/denonext/src/selection/index.mjs": "27be7ae2c6c04a46589350dbdd5eb3654e5558112480fc7b7d8485b9e6797251",
    "https://esm.sh/d3-transition@3.0.1/denonext/src/selection/interrupt.mjs": "a6e1280e94ee129e8896e0bfe6b6e828af669f5735d348effb98c42597355e68",
    "https://esm.sh/d3-transition@3.0.1/denonext/src/selection/transition.mjs": "cc022280f24abe8390470ae8b2abcbd201eab6e6978d9946baffc520a46443b7",
    "https://esm.sh/d3-transition@3.0.1/denonext/src/transition/attr.mjs": "eba85bf7df9dede5057edacee1365a2652e17976c455de3c3ec2e51ea0ec1adc",
    "https://esm.sh/d3-transition@3.0.1/denonext/src/transition/attrTween.mjs": "5d6d4b80de54fb5eb3ea3d9a87d2fb9a65b4b0b0eef04f804435fc69214ce18e",
    "https://esm.sh/d3-transition@3.0.1/denonext/src/transition/delay.mjs": "eeba33911af8a682f437c8c6f7b1cb9cf67ad2d346ea28583d0bfc27ade881f5",
    "https://esm.sh/d3-transition@3.0.1/denonext/src/transition/duration.mjs": "94d8cbe2fc9b4cf6aadde6827e89dea5c4cac38f6b6670cb2ab58a016bce3539",
    "https://esm.sh/d3-transition@3.0.1/denonext/src/transition/ease.mjs": "db708e74f6482be87c4b0e85be9f1ae844b49e21dada86b5c769d31f748f06a2",
    "https://esm.sh/d3-transition@3.0.1/denonext/src/transition/easeVarying.mjs": "4fefb1f53e2f41566fe945bb1adf63ddb35d1dead7a84d2a7ade71897b340686",
    "https://esm.sh/d3-transition@3.0.1/denonext/src/transition/end.mjs": "46df634655e3f886a7ffea2e53e52042e558cda608d47daae15973b7a722ed85",
    "https://esm.sh/d3-transition@3.0.1/denonext/src/transition/filter.mjs": "c12d3f0b2d06cc1cee4f13442b4d59e8a8bf60a715b678d9c41bb34cc3532a34",
    "https://esm.sh/d3-transition@3.0.1/denonext/src/transition/index.mjs": "9b73338b37daacaf10155cba975f5ddefef1e8117848cab5e7bcadc480909117",
    "https://esm.sh/d3-transition@3.0.1/denonext/src/transition/interpolate.mjs": "d604d3a8f3de20d06a80dd20956d6688deda404687424bd3109615789830d99a",
    "https://esm.sh/d3-transition@3.0.1/denonext/src/transition/merge.mjs": "3c252ac1c3430e3d8c04fab5c23691e3a78bad5950e643bf652e4c5fe9186468",
    "https://esm.sh/d3-transition@3.0.1/denonext/src/transition/on.mjs": "e1bcef98109504ed44956f391b3afaa6e04f7df437cf725297637cccc26bf7a1",
    "https://esm.sh/d3-transition@3.0.1/denonext/src/transition/remove.mjs": "065a82c67edc8771d769f1ad4621d5cb5eb83de4d0c5203c38591ff70d4f46fb",
    "https://esm.sh/d3-transition@3.0.1/denonext/src/transition/schedule.mjs": "5c3d045875cabfb891f35e4524c4a6e8a4c8a7c3cc6b415036a4cab066ad3602",
    "https://esm.sh/d3-transition@3.0.1/denonext/src/transition/select.mjs": "f3d4e545a968cef6325265455da8d7b3e6b93eda464f1c62db2f22b21cb124ad",
    "https://esm.sh/d3-transition@3.0.1/denonext/src/transition/selectAll.mjs": "89295a8e11ae5df83807fee69e54f6d17b3533946b394a6e7b8a6ff37d6243bd",
    "https://esm.sh/d3-transition@3.0.1/denonext/src/transition/selection.mjs": "526f1fc248af9bb7fea4a83afa2df826777d907a7954ccf6933aa8f129c920bd",
    "https://esm.sh/d3-transition@3.0.1/denonext/src/transition/style.mjs": "0252599dd1c9ffbfbe786628aa0c756920ec4fbc2d7c216db9584523fdba56a7",
    "https://esm.sh/d3-transition@3.0.1/denonext/src/transition/styleTween.mjs": "91a5b25452bb0820359e46375354c8181308a4af3a9de58c2f8f312505547b24",
    "https://esm.sh/d3-transition@3.0.1/denonext/src/transition/text.mjs": "966e7c6d1a690f04dad423d21d6f74c1df6a1297a605246dc919948f8fbdb88c",
    "https://esm.sh/d3-transition@3.0.1/denonext/src/transition/textTween.mjs": "983044733a34e55638f2c5bb8a26e43600d2af1716b5f2d126152524b82c63e2",
    "https://esm.sh/d3-transition@3.0.1/denonext/src/transition/transition.mjs": "e5ed06fdf29dbca99ceb88eedc5031046123d438806864d590eb6bf5d7cba271",
    "https://esm.sh/d3-transition@3.0.1/denonext/src/transition/tween.mjs": "70be47f02ef4131c680b02249900a31764adc12ce10d116a3f737ea21de2803a",
    "https://esm.sh/d3-transition@3.0.1?target=denonext": "db48c3e8ec06da8c5524fba8046bf55bfda3e99ca9ae35b31c8959435f6f4e8d",
    "https://esm.sh/d3-zoom@3.0.0": "185e67e9496ad03ad2e15a289f226c45ea3cc69f9d54cfe2420695415f8de2de",
    "https://esm.sh/d3-zoom@3.0.0/denonext/d3-zoom.mjs": "d102da469b1db4f35764f70d999056a01a76f5f3ef8466145c5bbb2a917cbde3"
  },
  "workspace": {
    "dependencies": [
      "npm:@napi-rs/keyring@1.3.0",
      "npm:pdfjs-dist@6.1.200",
      "npm:sqlite-vec@~0.1.9"
    ]
  }
}
